
Microsoft Visual Studio Solution File, Format Version 12.00
# Visual Studio Version 16
VisualStudioVersion = 16.0.31515.178
MinimumVisualStudioVersion = 10.0.40219.1
Project("{FAE04EC0-301F-11D3-BF4B-00C04F79EFBC}") = "Envios.Entities", "Envios.Entities\Envios.Entities.csproj", "{8282407F-B876-40B0-BD4C-0088FC4EA472}"
EndProject
Project("{FAE04EC0-301F-11D3-BF4B-00C04F79EFBC}") = "Envios.Data", "Envios.Data\Envios.Data.csproj", "{F18785E6-D24C-4C98-B040-545DA631E1C7}"
EndProject
Project("{FAE04EC0-301F-11D3-BF4B-00C04F79EFBC}") = "Envios.Logic", "Envios.Logic\Envios.Logic.csproj", "{3C9E1B5E-52B6-43A7-8933-67250DF44AD2}"
EndProject
Project("{FAE04EC0-301F-11D3-BF4B-00C04F79EFBC}") = "Vista.MVC", "Envios.MVC\Vista.MVC.csproj", "{43B85908-C53A-4154-B94F-1005A445E762}"
EndProject
Global
	GlobalSection(SolutionConfigurationPlatforms) = preSolution
		Debug|Any CPU = Debug|Any CPU
		Release|Any CPU = Release|Any CPU
	EndGlobalSection
	GlobalSection(ProjectConfigurationPlatforms) = postSolution
		{8282407F-B876-40B0-BD4C-0088FC4EA472}.Debug|Any CPU.ActiveCfg = Debug|Any CPU
		{8282407F-B876-40B0-BD4C-0088FC4EA472}.Debug|Any CPU.Build.0 = Debug|Any CPU
		{8282407F-B876-40B0-BD4C-0088FC4EA472}.Release|Any CPU.ActiveCfg = Release|Any CPU
		{8282407F-B876-40B0-BD4C-0088FC4EA472}.Release|Any CPU.Build.0 = Release|Any CPU
		{F18785E6-D24C-4C98-B040-545DA631E1C7}.Debug|Any CPU.ActiveCfg = Debug|Any CPU
		{F18785E6-D24C-4C98-B040-545DA631E1C7}.Debug|Any CPU.Build.0 = Debug|Any CPU
		{F18785E6-D24C-4C98-B040-545DA631E1C7}.Release|Any CPU.ActiveCfg = Release|Any CPU
		{F18785E6-D24C-4C98-B040-545DA631E1C7}.Release|Any CPU.Build.0 = Release|Any CPU
		{3C9E1B5E-52B6-43A7-8933-67250DF44AD2}.Debug|Any CPU.ActiveCfg = Debug|Any CPU
		{3C9E1B5E-52B6-43A7-8933-67250DF44AD2}.Debug|Any CPU.Build.0 = Debug|Any CPU
		{3C9E1B5E-52B6-43A7-8933-67250DF44AD2}.Release|Any CPU.ActiveCfg = Release|Any CPU
		{3C9E1B5E-52B6-43A7-8933-67250DF44AD2}.Release|Any CPU.Build.0 = Release|Any CPU
		{43B85908-C53A-4154-B94F-1005A445E762}.Debug|Any CPU.ActiveCfg = Debug|Any CPU
		{43B85908-C53A-4154-B94F-1005A445E762}.Debug|Any CPU.Build.0 = Debug|Any CPU
		{43B85908-C53A-4154-B94F-1005A445E762}.Release|Any CPU.ActiveCfg = Release|Any CPU
		{43B85908-C53A-4154-B94F-1005A445E762}.Release|Any CPU.Build.0 = Release|Any CPU
	EndGlobalSection
	GlobalSection(SolutionProperties) = preSolution
		HideSolutionNode = FALSE
	EndGlobalSection
	GlobalSection(ExtensibilityGlobals) = postSolution
		SolutionGuid = {9CA40500-399A-4506-8A38-C887E4B92740}
	EndGlobalSection
EndGlobal
