
Microsoft Visual Studio Solution File, Format Version 12.00
# Visual Studio Version 16
VisualStudioVersion = 16.0.30907.101
MinimumVisualStudioVersion = 10.0.40219.1
Project("{FAE04EC0-301F-11D3-BF4B-00C04F79EFBC}") = "TestServiceBackendData", "TestServiceBackendData.csproj", "{C7347A40-5050-40BF-9364-3970C769FB76}"
EndProject
Global
	GlobalSection(SolutionConfigurationPlatforms) = preSolution
		Debug|Any CPU = Debug|Any CPU
		Release|Any CPU = Release|Any CPU
	EndGlobalSection
	GlobalSection(ProjectConfigurationPlatforms) = postSolution
		{C7347A40-5050-40BF-9364-3970C769FB76}.Debug|Any CPU.ActiveCfg = Debug|Any CPU
		{C7347A40-5050-40BF-9364-3970C769FB76}.Debug|Any CPU.Build.0 = Debug|Any CPU
		{C7347A40-5050-40BF-9364-3970C769FB76}.Release|Any CPU.ActiveCfg = Release|Any CPU
		{C7347A40-5050-40BF-9364-3970C769FB76}.Release|Any CPU.Build.0 = Release|Any CPU
	EndGlobalSection
	GlobalSection(SolutionProperties) = preSolution
		HideSolutionNode = FALSE
	EndGlobalSection
	GlobalSection(ExtensibilityGlobals) = postSolution
		SolutionGuid = {3091E52E-1FDE-45E7-8252-5791190C304B}
	EndGlobalSection
EndGlobal
